
Microsoft Visual Studio Solution File, Format Version 12.00
# Visual Studio Version 16
VisualStudioVersion = 16.0.29519.181
MinimumVisualStudioVersion = 10.0.40219.1
Project("{9A19103F-16F7-4668-BE54-9A1E7A4F7556}") = "DickinsonBros.SQL", "DickinsonBros.SQL\DickinsonBros.SQL.csproj", "{4353F389-0287-4A55-A082-B828F7685C5B}"
EndProject
Project("{2150E333-8FDC-42A3-9474-1A3956D46DE8}") = "1 Library", "1 Library", "{DA586ED4-1F7E-46CB-8192-14D5F0DE773A}"
EndProject
Project("{2150E333-8FDC-42A3-9474-1A3956D46DE8}") = "9 Misc", "9 Misc", "{34419A67-256E-4790-A627-138ABD15AAD3}"
	ProjectSection(SolutionItems) = preProject
		Scripts\CreateNugetPackageCI.ps1 = Scripts\CreateNugetPackageCI.ps1
		DickinsonBros.SQL.runsettings = DickinsonBros.SQL.runsettings
		Scripts\Publish.yml = Scripts\Publish.yml
		Scripts\Test.yml = Scripts\Test.yml
	EndProjectSection
EndProject
Project("{9A19103F-16F7-4668-BE54-9A1E7A4F7556}") = "DickinsonBros.SQL.Tests", "DickinsonBros.SQL.Tests\DickinsonBros.SQL.Tests.csproj", "{B86FD0E6-8E15-4B03-8409-972BDDD36028}"
EndProject
Project("{2150E333-8FDC-42A3-9474-1A3956D46DE8}") = "2 Runner", "2 Runner", "{20EF41A7-66C6-4CE9-A70D-F631D0107E7E}"
EndProject
Project("{9A19103F-16F7-4668-BE54-9A1E7A4F7556}") = "DickinsonBros.SQL.Runner", "DickinsonBros.SQL.Runner\DickinsonBros.SQL.Runner.csproj", "{943BB47A-B9C5-480D-A709-9DE6A7E5D90C}"
EndProject
Project("{00D1A9C2-B5F0-4AF3-8072-F6C62B433612}") = "DickinsonBros.SQL.Runner.Database", "DickinsonBros.SQL.Database\DickinsonBros.SQL.Runner.Database.sqlproj", "{AFADA80F-1D94-4A5E-B33F-0E8CC41CE978}"
EndProject
Global
	GlobalSection(SolutionConfigurationPlatforms) = preSolution
		Debug|Any CPU = Debug|Any CPU
		Release|Any CPU = Release|Any CPU
	EndGlobalSection
	GlobalSection(ProjectConfigurationPlatforms) = postSolution
		{4353F389-0287-4A55-A082-B828F7685C5B}.Debug|Any CPU.ActiveCfg = Debug|Any CPU
		{4353F389-0287-4A55-A082-B828F7685C5B}.Debug|Any CPU.Build.0 = Debug|Any CPU
		{4353F389-0287-4A55-A082-B828F7685C5B}.Release|Any CPU.ActiveCfg = Release|Any CPU
		{4353F389-0287-4A55-A082-B828F7685C5B}.Release|Any CPU.Build.0 = Release|Any CPU
		{B86FD0E6-8E15-4B03-8409-972BDDD36028}.Debug|Any CPU.ActiveCfg = Debug|Any CPU
		{B86FD0E6-8E15-4B03-8409-972BDDD36028}.Debug|Any CPU.Build.0 = Debug|Any CPU
		{B86FD0E6-8E15-4B03-8409-972BDDD36028}.Release|Any CPU.ActiveCfg = Release|Any CPU
		{B86FD0E6-8E15-4B03-8409-972BDDD36028}.Release|Any CPU.Build.0 = Release|Any CPU
		{943BB47A-B9C5-480D-A709-9DE6A7E5D90C}.Debug|Any CPU.ActiveCfg = Debug|Any CPU
		{943BB47A-B9C5-480D-A709-9DE6A7E5D90C}.Debug|Any CPU.Build.0 = Debug|Any CPU
		{943BB47A-B9C5-480D-A709-9DE6A7E5D90C}.Release|Any CPU.ActiveCfg = Release|Any CPU
		{943BB47A-B9C5-480D-A709-9DE6A7E5D90C}.Release|Any CPU.Build.0 = Release|Any CPU
		{AFADA80F-1D94-4A5E-B33F-0E8CC41CE978}.Debug|Any CPU.ActiveCfg = Debug|Any CPU
		{AFADA80F-1D94-4A5E-B33F-0E8CC41CE978}.Release|Any CPU.ActiveCfg = Release|Any CPU
	EndGlobalSection
	GlobalSection(SolutionProperties) = preSolution
		HideSolutionNode = FALSE
	EndGlobalSection
	GlobalSection(NestedProjects) = preSolution
		{4353F389-0287-4A55-A082-B828F7685C5B} = {DA586ED4-1F7E-46CB-8192-14D5F0DE773A}
		{B86FD0E6-8E15-4B03-8409-972BDDD36028} = {DA586ED4-1F7E-46CB-8192-14D5F0DE773A}
		{943BB47A-B9C5-480D-A709-9DE6A7E5D90C} = {20EF41A7-66C6-4CE9-A70D-F631D0107E7E}
		{AFADA80F-1D94-4A5E-B33F-0E8CC41CE978} = {20EF41A7-66C6-4CE9-A70D-F631D0107E7E}
	EndGlobalSection
	GlobalSection(ExtensibilityGlobals) = postSolution
		SolutionGuid = {54B10F8F-BB63-400E-A24A-974AB12A3349}
	EndGlobalSection
EndGlobal
